
Microsoft Visual Studio Solution File, Format Version 12.00
# Visual Studio 15
VisualStudioVersion = 15.0.28307.757
MinimumVisualStudioVersion = 10.0.40219.1
Project("{FAE04EC0-301F-11D3-BF4B-00C04F79EFBC}") = "SaveLoadWinFormUI", "SaveLoadWinFormUI\SaveLoadWinFormUI.csproj", "{CD33C4AB-7326-4DA5-8D2D-5401D9687ACB}"
EndProject
Global
	GlobalSection(SolutionConfigurationPlatforms) = preSolution
		Debug|Any CPU = Debug|Any CPU
		Release|Any CPU = Release|Any CPU
	EndGlobalSection
	GlobalSection(ProjectConfigurationPlatforms) = postSolution
		{CD33C4AB-7326-4DA5-8D2D-5401D9687ACB}.Debug|Any CPU.ActiveCfg = Debug|Any CPU
		{CD33C4AB-7326-4DA5-8D2D-5401D9687ACB}.Debug|Any CPU.Build.0 = Debug|Any CPU
		{CD33C4AB-7326-4DA5-8D2D-5401D9687ACB}.Release|Any CPU.ActiveCfg = Release|Any CPU
		{CD33C4AB-7326-4DA5-8D2D-5401D9687ACB}.Release|Any CPU.Build.0 = Release|Any CPU
	EndGlobalSection
	GlobalSection(SolutionProperties) = preSolution
		HideSolutionNode = FALSE
	EndGlobalSection
	GlobalSection(ExtensibilityGlobals) = postSolution
		SolutionGuid = {6A7EF7A0-F2E1-4484-A042-CF81C371CB64}
	EndGlobalSection
EndGlobal
